name: bid_pool_lender_lock
primary_key:
- bpll_pid
foreign_keys:
  fk_bid_pool_lender_lock_1:
    columns:
    - bpll_bid_pool_pid
    references:
      columns:
      - bp_pid
      schema: staging_octane
      table: bid_pool
  fk_bid_pool_lender_lock_2:
    columns:
    - bpll_lender_lock_major_pid
    references:
      columns:
      - llmj_pid
      schema: staging_octane
      table: lender_lock_major
columns:
  bpll_pid:
    data_type: BIGINT
  bpll_version:
    data_type: INTEGER
  bpll_bid_pool_pid:
    data_type: BIGINT
  bpll_lender_lock_major_pid:
    data_type: BIGINT
